github.com/fsnotify/fsnotify v1.9.0 h1:2Ml+OJNzbYCTzsxtv8vKSFD9PbJjmhYF14k/jKC7S9k=
github.com/fsnotify/fsnotify v1.9.0/go.mod h1:8jBTzvmWwFyi3Pb8djgCCO5IBqzKJ/Jwo8TRcHyHii0=
github.com/paularlott/cli v0.6.0 h1:PwFCmLcVtObyFAXtAysuuLTaegErMQN7XyyjdxRUX2o=
github.com/paularlott/cli v0.6.0/go.mod h1:8690X1+722js8QnhI06Ayg1WvmFbnkcful8yETOjVSg=
github.com/paularlott/mcp v0.7.1 h1:ToF/noGOPpF6nQVHZ+adgMWE8LJNQ+ihOhms7/sa4qs=
github.com/paularlott/mcp v0.7.1/go.mod h1:3+zKx8GaNHy5tjI1MBOgbflWTfV1eKGKziNc6Xn0pQI=
github.com/pelletier/go-toml/v2 v2.2.4 h1:mye9XuhQ6gvn5h28+VilKrrPoQVanw5PMw/TB0t5Ec4=
github.com/pelletier/go-toml/v2 v2.2.4/go.mod h1:2gIqNv+qfxSVS7cM2xJQKtLSTLUE9V8t9Stt+h56mCY=
golang.org/x/oauth2 v0.34.0 h1:hqK/t4AKgbqWkdkcAeI8XLmbK+4m4G5YeQRrmiotGlw=
golang.org/x/oauth2 v0.34.0/go.mod h1:lzm5WQJQwKZ3nwavOZ3IS5Aulzxi68dUSgRHujetwEA=
golang.org/x/sys v0.37.0 h1:fdNQudmxPjkdUTPnLn5mdQv7Zwvbvpaxqs831goi9kQ=
golang.org/x/sys v0.37.0/go.mod h1:OgkHotnGiDImocRcuBABYBEXf8A9a87e/uXjp9XT3ks=
